
Microsoft Visual Studio Solution File, Format Version 12.00
# Visual Studio 15
VisualStudioVersion = 15.0.27004.2009
MinimumVisualStudioVersion = 10.0.40219.1
Project("{FAE04EC0-301F-11D3-BF4B-00C04F79EFBC}") = "Xadrez no Console", "Xadrez no Console\Xadrez no Console.csproj", "{FF74B822-BC8D-4F91-BB07-936750F4D779}"
EndProject
Global
	GlobalSection(SolutionConfigurationPlatforms) = preSolution
		Debug|Any CPU = Debug|Any CPU
		Release|Any CPU = Release|Any CPU
	EndGlobalSection
	GlobalSection(ProjectConfigurationPlatforms) = postSolution
		{FF74B822-BC8D-4F91-BB07-936750F4D779}.Debug|Any CPU.ActiveCfg = Debug|Any CPU
		{FF74B822-BC8D-4F91-BB07-936750F4D779}.Debug|Any CPU.Build.0 = Debug|Any CPU
		{FF74B822-BC8D-4F91-BB07-936750F4D779}.Release|Any CPU.ActiveCfg = Release|Any CPU
		{FF74B822-BC8D-4F91-BB07-936750F4D779}.Release|Any CPU.Build.0 = Release|Any CPU
	EndGlobalSection
	GlobalSection(SolutionProperties) = preSolution
		HideSolutionNode = FALSE
	EndGlobalSection
	GlobalSection(ExtensibilityGlobals) = postSolution
		SolutionGuid = {C47B627E-648A-4B15-ADCB-0D0CF043734A}
	EndGlobalSection
EndGlobal
